
Microsoft Visual Studio Solution File, Format Version 12.00
# Visual Studio 15
VisualStudioVersion = 15.0.27130.2026
MinimumVisualStudioVersion = 10.0.40219.1
Project("{FAE04EC0-301F-11D3-BF4B-00C04F79EFBC}") = "TaxesCalculator", "TaxesCalculator\TaxesCalculator.csproj", "{18F8C108-0E30-48A2-A2E3-F49FF0BC2A4A}"
EndProject
Project("{FAE04EC0-301F-11D3-BF4B-00C04F79EFBC}") = "ChangeCalculator", "ChangeCalculator\ChangeCalculator.csproj", "{049F9A31-DFDB-46F6-86C4-219A532096E2}"
EndProject
Global
	GlobalSection(SolutionConfigurationPlatforms) = preSolution
		Debug|Any CPU = Debug|Any CPU
		Release|Any CPU = Release|Any CPU
	EndGlobalSection
	GlobalSection(ProjectConfigurationPlatforms) = postSolution
		{18F8C108-0E30-48A2-A2E3-F49FF0BC2A4A}.Debug|Any CPU.ActiveCfg = Debug|Any CPU
		{18F8C108-0E30-48A2-A2E3-F49FF0BC2A4A}.Debug|Any CPU.Build.0 = Debug|Any CPU
		{18F8C108-0E30-48A2-A2E3-F49FF0BC2A4A}.Release|Any CPU.ActiveCfg = Release|Any CPU
		{18F8C108-0E30-48A2-A2E3-F49FF0BC2A4A}.Release|Any CPU.Build.0 = Release|Any CPU
		{049F9A31-DFDB-46F6-86C4-219A532096E2}.Debug|Any CPU.ActiveCfg = Debug|Any CPU
		{049F9A31-DFDB-46F6-86C4-219A532096E2}.Debug|Any CPU.Build.0 = Debug|Any CPU
		{049F9A31-DFDB-46F6-86C4-219A532096E2}.Release|Any CPU.ActiveCfg = Release|Any CPU
		{049F9A31-DFDB-46F6-86C4-219A532096E2}.Release|Any CPU.Build.0 = Release|Any CPU
	EndGlobalSection
	GlobalSection(SolutionProperties) = preSolution
		HideSolutionNode = FALSE
	EndGlobalSection
	GlobalSection(ExtensibilityGlobals) = postSolution
		SolutionGuid = {BF87A91C-4D40-4942-9ED0-916BA2CAF8D8}
	EndGlobalSection
EndGlobal
